// !$*UTF8*$!
{
	archiveVersion = 1;
	classes = {
	};
	objectVersion = 46;
	objects = {

/* Begin PBXBuildFile section */
		20AF7277D26B9BC30C0B370D /* libPods-Vodworks.a in Frameworks */ = {isa = PBXBuildFile; fileRef = 4AC27DB698CBE5EC4118DF5C /* libPods-Vodworks.a */; };
		B66DA2CD1E163E27001A8D9D /* main.m in Sources */ = {isa = PBXBuildFile; fileRef = B66DA2CC1E163E27001A8D9D /* main.m */; };
		B66DA2D01E163E27001A8D9D /* AppDelegate.m in Sources */ = {isa = PBXBuildFile; fileRef = B66DA2CF1E163E27001A8D9D /* AppDelegate.m */; };
		B66DA2D31E163E27001A8D9D /* ViewController.m in Sources */ = {isa = PBXBuildFile; fileRef = B66DA2D21E163E27001A8D9D /* ViewController.m */; };
		B66DA2D61E163E27001A8D9D /* Main.storyboard in Resources */ = {isa = PBXBuildFile; fileRef = B66DA2D41E163E27001A8D9D /* Main.storyboard */; };
		B66DA2D81E163E27001A8D9D /* Assets.xcassets in Resources */ = {isa = PBXBuildFile; fileRef = B66DA2D71E163E27001A8D9D /* Assets.xcassets */; };
		B66DA2DB1E163E27001A8D9D /* LaunchScreen.storyboard in Resources */ = {isa = PBXBuildFile; fileRef = B66DA2D91E163E27001A8D9D /* LaunchScreen.storyboard */; };
		B66DA2EA1E16582E001A8D9D /* ServiceManager.m in Sources */ = {isa = PBXBuildFile; fileRef = B66DA2E91E16582E001A8D9D /* ServiceManager.m */; };
/* End PBXBuildFile section */

/* Begin PBXFileReference section */
		218AA020BE21FC1E7FB7A44D /* Pods-Vodworks.debug.xcconfig */ = {isa = PBXFileReference; includeInIndex = 1; lastKnownFileType = text.xcconfig; name = "Pods-Vodworks.debug.xcconfig"; path = "Pods/Target Support Files/Pods-Vodworks/Pods-Vodworks.debug.xcconfig"; sourceTree = "<group>"; };
		2DB32E6F71E1A3F255D15EAB /* Pods-Vodworks.release.xcconfig */ = {isa = PBXFileReference; includeInIndex = 1; lastKnownFileType = text.xcconfig; name = "Pods-Vodworks.release.xcconfig"; path = "Pods/Target Support Files/Pods-Vodworks/Pods-Vodworks.release.xcconfig"; sourceTree = "<group>"; };
		4AC27DB698CBE5EC4118DF5C /* libPods-Vodworks.a */ = {isa = PBXFileReference; explicitFileType = archive.ar; includeInIndex = 0; path = "libPods-Vodworks.a"; sourceTree = BUILT_PRODUCTS_DIR; };
		B66DA2C81E163E27001A8D9D /* Vodworks.app */ = {isa = PBXFileReference; explicitFileType = wrapper.application; includeInIndex = 0; path = Vodworks.app; sourceTree = BUILT_PRODUCTS_DIR; };
		B66DA2CC1E163E27001A8D9D /* main.m */ = {isa = PBXFileReference; lastKnownFileType = sourcecode.c.objc; path = main.m; sourceTree = "<group>"; };
		B66DA2CE1E163E27001A8D9D /* AppDelegate.h */ = {isa = PBXFileReference; lastKnownFileType = sourcecode.c.h; path = AppDelegate.h; sourceTree = "<group>"; };
		B66DA2CF1E163E27001A8D9D /* AppDelegate.m */ = {isa = PBXFileReference; lastKnownFileType = sourcecode.c.objc; path = AppDelegate.m; sourceTree = "<group>"; };
		B66DA2D11E163E27001A8D9D /* ViewController.h */ = {isa = PBXFileReference; lastKnownFileType = sourcecode.c.h; path = ViewController.h; sourceTree = "<group>"; };
		B66DA2D21E163E27001A8D9D /* ViewController.m */ = {isa = PBXFileReference; lastKnownFileType = sourcecode.c.objc; path = ViewController.m; sourceTree = "<group>"; };
		B66DA2D51E163E27001A8D9D /* Base */ = {isa = PBXFileReference; lastKnownFileType = file.storyboard; name = Base; path = Base.lproj/Main.storyboard; sourceTree = "<group>"; };
		B66DA2D71E163E27001A8D9D /* Assets.xcassets */ = {isa = PBXFileReference; lastKnownFileType = folder.assetcatalog; path = Assets.xcassets; sourceTree = "<group>"; };
		B66DA2DA1E163E27001A8D9D /* Base */ = {isa = PBXFileReference; lastKnownFileType = file.storyboard; name = Base; path = Base.lproj/LaunchScreen.storyboard; sourceTree = "<group>"; };
		B66DA2DC1E163E27001A8D9D /* Info.plist */ = {isa = PBXFileReference; lastKnownFileType = text.plist.xml; path = Info.plist; sourceTree = "<group>"; };
		B66DA2E81E16582E001A8D9D /* ServiceManager.h */ = {isa = PBXFileReference; fileEncoding = 4; lastKnownFileType = sourcecode.c.h; path = ServiceManager.h; sourceTree = "<group>"; };
		B66DA2E91E16582E001A8D9D /* ServiceManager.m */ = {isa = PBXFileReference; fileEncoding = 4; lastKnownFileType = sourcecode.c.objc; path = ServiceManager.m; sourceTree = "<group>"; };
/* End PBXFileReference section */

/* Begin PBXFrameworksBuildPhase section */
		B66DA2C51E163E27001A8D9D /* Frameworks */ = {
			isa = PBXFrameworksBuildPhase;
			buildActionMask = 2147483647;
			files = (
				20AF7277D26B9BC30C0B370D /* libPods-Vodworks.a in Frameworks */,
			);
			runOnlyForDeploymentPostprocessing = 0;
		};
/* End PBXFrameworksBuildPhase section */

/* Begin PBXGroup section */
		22BD178156642F11A77772A2 /* Pods */ = {
			isa = PBXGroup;
			children = (
				218AA020BE21FC1E7FB7A44D /* Pods-Vodworks.debug.xcconfig */,
				2DB32E6F71E1A3F255D15EAB /* Pods-Vodworks.release.xcconfig */,
			);
			name = Pods;
			sourceTree = "<group>";
		};
		31BF115846AE8E38FE259E34 /* Frameworks */ = {
			isa = PBXGroup;
			children = (
				4AC27DB698CBE5EC4118DF5C /* libPods-Vodworks.a */,
			);
			name = Frameworks;
			sourceTree = "<group>";
		};
		B66DA2BF1E163E26001A8D9D = {
			isa = PBXGroup;
			children = (
				B66DA2CA1E163E27001A8D9D /* Vodworks */,
				B66DA2C91E163E27001A8D9D /* Products */,
				22BD178156642F11A77772A2 /* Pods */,
				31BF115846AE8E38FE259E34 /* Frameworks */,
			);
			sourceTree = "<group>";
		};
		B66DA2C91E163E27001A8D9D /* Products */ = {
			isa = PBXGroup;
			children = (
				B66DA2C81E163E27001A8D9D /* Vodworks.app */,
			);
			name = Products;
			sourceTree = "<group>";
		};
		B66DA2CA1E163E27001A8D9D /* Vodworks */ = {
			isa = PBXGroup;
			children = (
				B66DA2E21E1657AE001A8D9D /* Managers */,
				B66DA2CE1E163E27001A8D9D /* AppDelegate.h */,
				B66DA2CF1E163E27001A8D9D /* AppDelegate.m */,
				B66DA2D11E163E27001A8D9D /* ViewController.h */,
				B66DA2D21E163E27001A8D9D /* ViewController.m */,
				B66DA2D41E163E27001A8D9D /* Main.storyboard */,
				B66DA2D71E163E27001A8D9D /* Assets.xcassets */,
				B66DA2D91E163E27001A8D9D /* LaunchScreen.storyboard */,
				B66DA2DC1E163E27001A8D9D /* Info.plist */,
				B66DA2CB1E163E27001A8D9D /* Supporting Files */,
			);
			path = Vodworks;
			sourceTree = "<group>";
		};
		B66DA2CB1E163E27001A8D9D /* Supporting Files */ = {
			isa = PBXGroup;
			children = (
				B66DA2CC1E163E27001A8D9D /* main.m */,
			);
			name = "Supporting Files";
			sourceTree = "<group>";
		};
		B66DA2E21E1657AE001A8D9D /* Managers */ = {
			isa = PBXGroup;
			children = (
				B66DA2E71E16582E001A8D9D /* ServiceManager */,
			);
			path = Managers;
			sourceTree = "<group>";
		};
		B66DA2E71E16582E001A8D9D /* ServiceManager */ = {
			isa = PBXGroup;
			children = (
				B66DA2E81E16582E001A8D9D /* ServiceManager.h */,
				B66DA2E91E16582E001A8D9D /* ServiceManager.m */,
			);
			path = ServiceManager;
			sourceTree = "<group>";
		};
/* End PBXGroup section */

/* Begin PBXNativeTarget section */
		B66DA2C71E163E27001A8D9D /* Vodworks */ = {
			isa = PBXNativeTarget;
			buildConfigurationList = B66DA2DF1E163E27001A8D9D /* Build configuration list for PBXNativeTarget "Vodworks" */;
			buildPhases = (
				4F302DAAE7F5C7710D24D220 /* [CP] Check Pods Manifest.lock */,
				B66DA2C41E163E27001A8D9D /* Sources */,
				B66DA2C51E163E27001A8D9D /* Frameworks */,
				B66DA2C61E163E27001A8D9D /* Resources */,
				C80FA75F2CC570F62A40040F /* [CP] Embed Pods Frameworks */,
				7E0606B06332175FC4265DFC /* [CP] Copy Pods Resources */,
			);
			buildRules = (
			);
			dependencies = (
			);
			name = Vodworks;
			productName = Vodworks;
			productReference = B66DA2C81E163E27001A8D9D /* Vodworks.app */;
			productType = "com.apple.product-type.application";
		};
/* End PBXNativeTarget section */

/* Begin PBXProject section */
		B66DA2C01E163E26001A8D9D /* Project object */ = {
			isa = PBXProject;
			attributes = {
				LastUpgradeCheck = 0800;
				ORGANIZATIONNAME = Ehsan;
				TargetAttributes = {
					B66DA2C71E163E27001A8D9D = {
						CreatedOnToolsVersion = 8.0;
						ProvisioningStyle = Manual;
					};
				};
			};
			buildConfigurationList = B66DA2C31E163E27001A8D9D /* Build configuration list for PBXProject "Vodworks" */;
			compatibilityVersion = "Xcode 3.2";
			developmentRegion = English;
			hasScannedForEncodings = 0;
			knownRegions = (
				en,
				Base,
			);
			mainGroup = B66DA2BF1E163E26001A8D9D;
			productRefGroup = B66DA2C91E163E27001A8D9D /* Products */;
			projectDirPath = "";
			projectRoot = "";
			targets = (
				B66DA2C71E163E27001A8D9D /* Vodworks */,
			);
		};
/* End PBXProject section */

/* Begin PBXResourcesBuildPhase section */
		B66DA2C61E163E27001A8D9D /* Resources */ = {
			isa = PBXResourcesBuildPhase;
			buildActionMask = 2147483647;
			files = (
				B66DA2DB1E163E27001A8D9D /* LaunchScreen.storyboard in Resources */,
				B66DA2D81E163E27001A8D9D /* Assets.xcassets in Resources */,
				B66DA2D61E163E27001A8D9D /* Main.storyboard in Resources */,
			);
			runOnlyForDeploymentPostprocessing = 0;
		};
/* End PBXResourcesBuildPhase section */

/* Begin PBXShellScriptBuildPhase section */
		4F302DAAE7F5C7710D24D220 /* [CP] Check Pods Manifest.lock */ = {
			isa = PBXShellScriptBuildPhase;
			buildActionMask = 2147483647;
			files = (
			);
			inputPaths = (
			);
			name = "[CP] Check Pods Manifest.lock";
			outputPaths = (
			);
			runOnlyForDeploymentPostprocessing = 0;
			shellPath = /bin/sh;
			shellScript = "diff \"${PODS_ROOT}/../Podfile.lock\" \"${PODS_ROOT}/Manifest.lock\" > /dev/null\nif [ $? != 0 ] ; then\n    # print error to STDERR\n    echo \"error: The sandbox is not in sync with the Podfile.lock. Run 'pod install' or update your CocoaPods installation.\" >&2\n    exit 1\nfi\n";
			showEnvVarsInLog = 0;
		};
		7E0606B06332175FC4265DFC /* [CP] Copy Pods Resources */ = {
			isa = PBXShellScriptBuildPhase;
			buildActionMask = 2147483647;
			files = (
			);
			inputPaths = (
			);
			name = "[CP] Copy Pods Resources";
			outputPaths = (
			);
			runOnlyForDeploymentPostprocessing = 0;
			shellPath = /bin/sh;
			shellScript = "\"${SRCROOT}/Pods/Target Support Files/Pods-Vodworks/Pods-Vodworks-resources.sh\"\n";
			showEnvVarsInLog = 0;
		};
		C80FA75F2CC570F62A40040F /* [CP] Embed Pods Frameworks */ = {
			isa = PBXShellScriptBuildPhase;
			buildActionMask = 2147483647;
			files = (
			);
			inputPaths = (
			);
			name = "[CP] Embed Pods Frameworks";
			outputPaths = (
			);
			runOnlyForDeploymentPostprocessing = 0;
			shellPath = /bin/sh;
			shellScript = "\"${SRCROOT}/Pods/Target Support Files/Pods-Vodworks/Pods-Vodworks-frameworks.sh\"\n";
			showEnvVarsInLog = 0;
		};
/* End PBXShellScriptBuildPhase section */

/* Begin PBXSourcesBuildPhase section */
		B66DA2C41E163E27001A8D9D /* Sources */ = {
			isa = PBXSourcesBuildPhase;
			buildActionMask = 2147483647;
			files = (
				B66DA2D31E163E27001A8D9D /* ViewController.m in Sources */,
				B66DA2D01E163E27001A8D9D /* AppDelegate.m in Sources */,
				B66DA2CD1E163E27001A8D9D /* main.m in Sources */,
				B66DA2EA1E16582E001A8D9D /* ServiceManager.m in Sources */,
			);
			runOnlyForDeploymentPostprocessing = 0;
		};
/* End PBXSourcesBuildPhase section */

/* Begin PBXVariantGroup section */
		B66DA2D41E163E27001A8D9D /* Main.storyboard */ = {
			isa = PBXVariantGroup;
			children = (
				B66DA2D51E163E27001A8D9D /* Base */,
			);
			name = Main.storyboard;
			sourceTree = "<group>";
		};
		B66DA2D91E163E27001A8D9D /* LaunchScreen.storyboard */ = {
			isa = PBXVariantGroup;
			children = (
				B66DA2DA1E163E27001A8D9D /* Base */,
			);
			name = LaunchScreen.storyboard;
			sourceTree = "<group>";
		};
/* End PBXVariantGroup section */

/* Begin XCBuildConfiguration section */
		B66DA2DD1E163E27001A8D9D /* Debug */ = {
			isa = XCBuildConfiguration;
			buildSettings = {
				ALWAYS_SEARCH_USER_PATHS = NO;
				CLANG_ANALYZER_NONNULL = YES;
				CLANG_CXX_LANGUAGE_STANDARD = "gnu++0x";
				CLANG_CXX_LIBRARY = "libc++";
				CLANG_ENABLE_MODULES = YES;
				CLANG_ENABLE_OBJC_ARC = YES;
				CLANG_WARN_BOOL_CONVERSION = YES;
				CLANG_WARN_CONSTANT_CONVERSION = YES;
				CLANG_WARN_DIRECT_OBJC_ISA_USAGE = YES_ERROR;
				CLANG_WARN_DOCUMENTATION_COMMENTS = YES;
				CLANG_WARN_EMPTY_BODY = YES;
				CLANG_WARN_ENUM_CONVERSION = YES;
				CLANG_WARN_INFINITE_RECURSION = YES;
				CLANG_WARN_INT_CONVERSION = YES;
				CLANG_WARN_OBJC_ROOT_CLASS = YES_ERROR;
				CLANG_WARN_SUSPICIOUS_MOVES = YES;
				CLANG_WARN_UNREACHABLE_CODE = YES;
				CLANG_WARN__DUPLICATE_METHOD_MATCH = YES;
				"CODE_SIGN_IDENTITY[sdk=iphoneos*]" = "iPhone Developer";
				COPY_PHASE_STRIP = NO;
				DEBUG_INFORMATION_FORMAT = dwarf;
				ENABLE_STRICT_OBJC_MSGSEND = YES;
				ENABLE_TESTABILITY = YES;
				GCC_C_LANGUAGE_STANDARD = gnu99;
				GCC_DYNAMIC_NO_PIC = NO;
				GCC_NO_COMMON_BLOCKS = YES;
				GCC_OPTIMIZATION_LEVEL = 0;
				GCC_PREPROCESSOR_DEFINITIONS = (
					"DEBUG=1",
					"$(inherited)",
				);
				GCC_WARN_64_TO_32_BIT_CONVERSION = YES;
				GCC_WARN_ABOUT_RETURN_TYPE = YES_ERROR;
				GCC_WARN_UNDECLARED_SELECTOR = YES;
				GCC_WARN_UNINITIALIZED_AUTOS = YES_AGGRESSIVE;
				GCC_WARN_UNUSED_FUNCTION = YES;
				GCC_WARN_UNUSED_VARIABLE = YES;
				IPHONEOS_DEPLOYMENT_TARGET = 8.0;
				MTL_ENABLE_DEBUG_INFO = YES;
				ONLY_ACTIVE_ARCH = YES;
				SDKROOT = iphoneos;
				TARGETED_DEVICE_FAMILY = "1,2";
			};
			name = Debug;
		};
		B66DA2DE1E163E27001A8D9D /* Release */ = {
			isa = XCBuildConfiguration;
			buildSettings = {
				ALWAYS_SEARCH_USER_PATHS = NO;
				CLANG_ANALYZER_NONNULL = YES;
				CLANG_CXX_LANGUAGE_STANDARD = "gnu++0x";
				CLANG_CXX_LIBRARY = "libc++";
				CLANG_ENABLE_MODULES = YES;
				CLANG_ENABLE_OBJC_ARC = YES;
				CLANG_WARN_BOOL_CONVERSION = YES;
				CLANG_WARN_CONSTANT_CONVERSION = YES;
				CLANG_WARN_DIRECT_OBJC_ISA_USAGE = YES_ERROR;
				CLANG_WARN_DOCUMENTATION_COMMENTS = YES;
				CLANG_WARN_EMPTY_BODY = YES;
				CLANG_WARN_ENUM_CONVERSION = YES;
				CLANG_WARN_INFINITE_RECURSION = YES;
				CLANG_WARN_INT_CONVERSION = YES;
				CLANG_WARN_OBJC_ROOT_CLASS = YES_ERROR;
				CLANG_WARN_SUSPICIOUS_MOVES = YES;
				CLANG_WARN_UNREACHABLE_CODE = YES;
				CLANG_WARN__DUPLICATE_METHOD_MATCH = YES;
				"CODE_SIGN_IDENTITY[sdk=iphoneos*]" = "iPhone Developer";
				COPY_PHASE_STRIP = NO;
				DEBUG_INFORMATION_FORMAT = "dwarf-with-dsym";
				ENABLE_NS_ASSERTIONS = NO;
				ENABLE_STRICT_OBJC_MSGSEND = YES;
				GCC_C_LANGUAGE_STANDARD = gnu99;
				GCC_NO_COMMON_BLOCKS = YES;
				GCC_WARN_64_TO_32_BIT_CONVERSION = YES;
				GCC_WARN_ABOUT_RETURN_TYPE = YES_ERROR;
				GCC_WARN_UNDECLARED_SELECTOR = YES;
				GCC_WARN_UNINITIALIZED_AUTOS = YES_AGGRESSIVE;
				GCC_WARN_UNUSED_FUNCTION = YES;
				GCC_WARN_UNUSED_VARIABLE = YES;
				IPHONEOS_DEPLOYMENT_TARGET = 8.0;
				MTL_ENABLE_DEBUG_INFO = NO;
				SDKROOT = iphoneos;
				TARGETED_DEVICE_FAMILY = "1,2";
				VALIDATE_PRODUCT = YES;
			};
			name = Release;
		};
		B66DA2E01E163E27001A8D9D /* Debug */ = {
			isa = XCBuildConfiguration;
			baseConfigurationReference = 218AA020BE21FC1E7FB7A44D /* Pods-Vodworks.debug.xcconfig */;
			buildSettings = {
				ASSETCATALOG_COMPILER_APPICON_NAME = AppIcon;
				DEVELOPMENT_TEAM = "";
				INFOPLIST_FILE = Vodworks/Info.plist;
				LD_RUNPATH_SEARCH_PATHS = "$(inherited) @executable_path/Frameworks";
				PRODUCT_BUNDLE_IDENTIFIER = com.ehsan.Vodworks;
				PRODUCT_NAME = "$(TARGET_NAME)";
			};
			name = Debug;
		};
		B66DA2E11E163E27001A8D9D /* Release */ = {
			isa = XCBuildConfiguration;
			baseConfigurationReference = 2DB32E6F71E1A3F255D15EAB /* Pods-Vodworks.release.xcconfig */;
			buildSettings = {
				ASSETCATALOG_COMPILER_APPICON_NAME = AppIcon;
				DEVELOPMENT_TEAM = "";
				INFOPLIST_FILE = Vodworks/Info.plist;
				LD_RUNPATH_SEARCH_PATHS = "$(inherited) @executable_path/Frameworks";
				PRODUCT_BUNDLE_IDENTIFIER = com.ehsan.Vodworks;
				PRODUCT_NAME = "$(TARGET_NAME)";
			};
			name = Release;
		};
/* End XCBuildConfiguration section */

/* Begin XCConfigurationList section */
		B66DA2C31E163E27001A8D9D /* Build configuration list for PBXProject "Vodworks" */ = {
			isa = XCConfigurationList;
			buildConfigurations = (
				B66DA2DD1E163E27001A8D9D /* Debug */,
				B66DA2DE1E163E27001A8D9D /* Release */,
			);
			defaultConfigurationIsVisible = 0;
			defaultConfigurationName = Release;
		};
		B66DA2DF1E163E27001A8D9D /* Build configuration list for PBXNativeTarget "Vodworks" */ = {
			isa = XCConfigurationList;
			buildConfigurations = (
				B66DA2E01E163E27001A8D9D /* Debug */,
				B66DA2E11E163E27001A8D9D /* Release */,
			);
			defaultConfigurationIsVisible = 0;
			defaultConfigurationName = Release;
		};
/* End XCConfigurationList section */
	};
	rootObject = B66DA2C01E163E26001A8D9D /* Project object */;
}
