// !$*UTF8*$!
{
	archiveVersion = 1;
	classes = {
	};
	objectVersion = 46;
	objects = {

/* Begin PBXBuildFile section */
		20AF7277D26B9BC30C0B370D /* libPods-Vodworks.a in Frameworks */ = {isa = PBXBuildFile; fileRef = 4AC27DB698CBE5EC4118DF5C /* libPods-Vodworks.a */; };
		B612A1EA1E1980BF00E663E6 /* ImageViewerViewController.m in Sources */ = {isa = PBXBuildFile; fileRef = B612A1E91E1980BF00E663E6 /* ImageViewerViewController.m */; };
		B62815E91E1961E700BAF2BA /* ItemDetailHeaderCollapsed.m in Sources */ = {isa = PBXBuildFile; fileRef = B62815E71E1961E700BAF2BA /* ItemDetailHeaderCollapsed.m */; };
		B62815EA1E1961E700BAF2BA /* ItemDetailHeaderCollapsed.xib in Resources */ = {isa = PBXBuildFile; fileRef = B62815E81E1961E700BAF2BA /* ItemDetailHeaderCollapsed.xib */; };
		B62815EF1E19646C00BAF2BA /* ItemDetailExpandedTableViewCell.m in Sources */ = {isa = PBXBuildFile; fileRef = B62815ED1E19646C00BAF2BA /* ItemDetailExpandedTableViewCell.m */; };
		B62815F01E19646C00BAF2BA /* ItemDetailExpandedTableViewCell.xib in Resources */ = {isa = PBXBuildFile; fileRef = B62815EE1E19646C00BAF2BA /* ItemDetailExpandedTableViewCell.xib */; };
		B62D76A41E17D7A200DC94C0 /* ItemDetailHeaderVideos.m in Sources */ = {isa = PBXBuildFile; fileRef = B62D76A31E17D7A200DC94C0 /* ItemDetailHeaderVideos.m */; };
		B62D76A61E17D7C300DC94C0 /* ItemDetailHeaderVideos.xib in Resources */ = {isa = PBXBuildFile; fileRef = B62D76A51E17D7C300DC94C0 /* ItemDetailHeaderVideos.xib */; };
		B62D76AB1E17D9E700DC94C0 /* VideoHeaderCollectionViewCell.m in Sources */ = {isa = PBXBuildFile; fileRef = B62D76A91E17D9E700DC94C0 /* VideoHeaderCollectionViewCell.m */; };
		B62D76AC1E17D9E700DC94C0 /* VideoHeaderCollectionViewCell.xib in Resources */ = {isa = PBXBuildFile; fileRef = B62D76AA1E17D9E700DC94C0 /* VideoHeaderCollectionViewCell.xib */; };
		B62D76B01E17F3CB00DC94C0 /* ItemDetailHeaderGallery.m in Sources */ = {isa = PBXBuildFile; fileRef = B62D76AE1E17F3CB00DC94C0 /* ItemDetailHeaderGallery.m */; };
		B62D76B11E17F3CB00DC94C0 /* ItemDetailHeaderGallery.xib in Resources */ = {isa = PBXBuildFile; fileRef = B62D76AF1E17F3CB00DC94C0 /* ItemDetailHeaderGallery.xib */; };
		B62D76B51E17F4C500DC94C0 /* GalleryHeaderCollectionViewCell.m in Sources */ = {isa = PBXBuildFile; fileRef = B62D76B31E17F4C500DC94C0 /* GalleryHeaderCollectionViewCell.m */; };
		B62D76B61E17F4C500DC94C0 /* GalleryHeaderCollectionViewCell.xib in Resources */ = {isa = PBXBuildFile; fileRef = B62D76B41E17F4C500DC94C0 /* GalleryHeaderCollectionViewCell.xib */; };
		B66DA2CD1E163E27001A8D9D /* main.m in Sources */ = {isa = PBXBuildFile; fileRef = B66DA2CC1E163E27001A8D9D /* main.m */; };
		B66DA2D01E163E27001A8D9D /* AppDelegate.m in Sources */ = {isa = PBXBuildFile; fileRef = B66DA2CF1E163E27001A8D9D /* AppDelegate.m */; };
		B66DA2D31E163E27001A8D9D /* ViewController.m in Sources */ = {isa = PBXBuildFile; fileRef = B66DA2D21E163E27001A8D9D /* ViewController.m */; };
		B66DA2D61E163E27001A8D9D /* Main.storyboard in Resources */ = {isa = PBXBuildFile; fileRef = B66DA2D41E163E27001A8D9D /* Main.storyboard */; };
		B66DA2D81E163E27001A8D9D /* Assets.xcassets in Resources */ = {isa = PBXBuildFile; fileRef = B66DA2D71E163E27001A8D9D /* Assets.xcassets */; };
		B66DA2DB1E163E27001A8D9D /* LaunchScreen.storyboard in Resources */ = {isa = PBXBuildFile; fileRef = B66DA2D91E163E27001A8D9D /* LaunchScreen.storyboard */; };
		B66DA2EA1E16582E001A8D9D /* ServiceManager.m in Sources */ = {isa = PBXBuildFile; fileRef = B66DA2E91E16582E001A8D9D /* ServiceManager.m */; };
		B66F3E851E17A7D700EF4E01 /* ItemLIstViewController.m in Sources */ = {isa = PBXBuildFile; fileRef = B66F3E801E17A7D700EF4E01 /* ItemLIstViewController.m */; };
		B66F3E861E17A7D700EF4E01 /* ItemListTableViewCell.m in Sources */ = {isa = PBXBuildFile; fileRef = B66F3E831E17A7D700EF4E01 /* ItemListTableViewCell.m */; };
		B66F3E871E17A7D700EF4E01 /* ItemListTableViewCell.xib in Resources */ = {isa = PBXBuildFile; fileRef = B66F3E841E17A7D700EF4E01 /* ItemListTableViewCell.xib */; };
		B66F3E8B1E17A80B00EF4E01 /* ItemDetailViewController.m in Sources */ = {isa = PBXBuildFile; fileRef = B66F3E8A1E17A80B00EF4E01 /* ItemDetailViewController.m */; };
		B66F3E8F1E17A84900EF4E01 /* ItemDetailHeaderOverview.m in Sources */ = {isa = PBXBuildFile; fileRef = B66F3E8E1E17A84900EF4E01 /* ItemDetailHeaderOverview.m */; };
		B66F3E911E17A85B00EF4E01 /* ItemDetailHeaderOverview.xib in Resources */ = {isa = PBXBuildFile; fileRef = B66F3E901E17A85B00EF4E01 /* ItemDetailHeaderOverview.xib */; };
		B6AB94021E16C22100C5053F /* Item.m in Sources */ = {isa = PBXBuildFile; fileRef = B6AB93FD1E16C22100C5053F /* Item.m */; };
		B6AB94031E16C22100C5053F /* Video.m in Sources */ = {isa = PBXBuildFile; fileRef = B6AB93FF1E16C22100C5053F /* Video.m */; };
		B6AB94041E16C22100C5053F /* ViewingWindow.m in Sources */ = {isa = PBXBuildFile; fileRef = B6AB94011E16C22100C5053F /* ViewingWindow.m */; };
		B6AB94121E16CEA800C5053F /* Utils.m in Sources */ = {isa = PBXBuildFile; fileRef = B6AB94111E16CEA800C5053F /* Utils.m */; };
		B6AB94151E16CEEC00C5053F /* Constant.m in Sources */ = {isa = PBXBuildFile; fileRef = B6AB94141E16CEEC00C5053F /* Constant.m */; };
		B6AB94191E16D0EF00C5053F /* ApplicationManager.m in Sources */ = {isa = PBXBuildFile; fileRef = B6AB94181E16D0EF00C5053F /* ApplicationManager.m */; };
/* End PBXBuildFile section */

/* Begin PBXFileReference section */
		218AA020BE21FC1E7FB7A44D /* Pods-Vodworks.debug.xcconfig */ = {isa = PBXFileReference; includeInIndex = 1; lastKnownFileType = text.xcconfig; name = "Pods-Vodworks.debug.xcconfig"; path = "Pods/Target Support Files/Pods-Vodworks/Pods-Vodworks.debug.xcconfig"; sourceTree = "<group>"; };
		2DB32E6F71E1A3F255D15EAB /* Pods-Vodworks.release.xcconfig */ = {isa = PBXFileReference; includeInIndex = 1; lastKnownFileType = text.xcconfig; name = "Pods-Vodworks.release.xcconfig"; path = "Pods/Target Support Files/Pods-Vodworks/Pods-Vodworks.release.xcconfig"; sourceTree = "<group>"; };
		4AC27DB698CBE5EC4118DF5C /* libPods-Vodworks.a */ = {isa = PBXFileReference; explicitFileType = archive.ar; includeInIndex = 0; path = "libPods-Vodworks.a"; sourceTree = BUILT_PRODUCTS_DIR; };
		B612A1E81E1980BF00E663E6 /* ImageViewerViewController.h */ = {isa = PBXFileReference; fileEncoding = 4; lastKnownFileType = sourcecode.c.h; path = ImageViewerViewController.h; sourceTree = "<group>"; };
		B612A1E91E1980BF00E663E6 /* ImageViewerViewController.m */ = {isa = PBXFileReference; fileEncoding = 4; lastKnownFileType = sourcecode.c.objc; path = ImageViewerViewController.m; sourceTree = "<group>"; };
		B62815E61E1961E700BAF2BA /* ItemDetailHeaderCollapsed.h */ = {isa = PBXFileReference; fileEncoding = 4; lastKnownFileType = sourcecode.c.h; path = ItemDetailHeaderCollapsed.h; sourceTree = "<group>"; };
		B62815E71E1961E700BAF2BA /* ItemDetailHeaderCollapsed.m */ = {isa = PBXFileReference; fileEncoding = 4; lastKnownFileType = sourcecode.c.objc; path = ItemDetailHeaderCollapsed.m; sourceTree = "<group>"; };
		B62815E81E1961E700BAF2BA /* ItemDetailHeaderCollapsed.xib */ = {isa = PBXFileReference; fileEncoding = 4; lastKnownFileType = file.xib; path = ItemDetailHeaderCollapsed.xib; sourceTree = "<group>"; };
		B62815EC1E19646C00BAF2BA /* ItemDetailExpandedTableViewCell.h */ = {isa = PBXFileReference; fileEncoding = 4; lastKnownFileType = sourcecode.c.h; path = ItemDetailExpandedTableViewCell.h; sourceTree = "<group>"; };
		B62815ED1E19646C00BAF2BA /* ItemDetailExpandedTableViewCell.m */ = {isa = PBXFileReference; fileEncoding = 4; lastKnownFileType = sourcecode.c.objc; path = ItemDetailExpandedTableViewCell.m; sourceTree = "<group>"; };
		B62815EE1E19646C00BAF2BA /* ItemDetailExpandedTableViewCell.xib */ = {isa = PBXFileReference; fileEncoding = 4; lastKnownFileType = file.xib; path = ItemDetailExpandedTableViewCell.xib; sourceTree = "<group>"; };
		B62D76A21E17D7A200DC94C0 /* ItemDetailHeaderVideos.h */ = {isa = PBXFileReference; fileEncoding = 4; lastKnownFileType = sourcecode.c.h; path = ItemDetailHeaderVideos.h; sourceTree = "<group>"; };
		B62D76A31E17D7A200DC94C0 /* ItemDetailHeaderVideos.m */ = {isa = PBXFileReference; fileEncoding = 4; lastKnownFileType = sourcecode.c.objc; path = ItemDetailHeaderVideos.m; sourceTree = "<group>"; };
		B62D76A51E17D7C300DC94C0 /* ItemDetailHeaderVideos.xib */ = {isa = PBXFileReference; fileEncoding = 4; lastKnownFileType = file.xib; path = ItemDetailHeaderVideos.xib; sourceTree = "<group>"; };
		B62D76A81E17D9E700DC94C0 /* VideoHeaderCollectionViewCell.h */ = {isa = PBXFileReference; fileEncoding = 4; lastKnownFileType = sourcecode.c.h; path = VideoHeaderCollectionViewCell.h; sourceTree = "<group>"; };
		B62D76A91E17D9E700DC94C0 /* VideoHeaderCollectionViewCell.m */ = {isa = PBXFileReference; fileEncoding = 4; lastKnownFileType = sourcecode.c.objc; path = VideoHeaderCollectionViewCell.m; sourceTree = "<group>"; };
		B62D76AA1E17D9E700DC94C0 /* VideoHeaderCollectionViewCell.xib */ = {isa = PBXFileReference; fileEncoding = 4; lastKnownFileType = file.xib; path = VideoHeaderCollectionViewCell.xib; sourceTree = "<group>"; };
		B62D76AD1E17F3CB00DC94C0 /* ItemDetailHeaderGallery.h */ = {isa = PBXFileReference; fileEncoding = 4; lastKnownFileType = sourcecode.c.h; path = ItemDetailHeaderGallery.h; sourceTree = "<group>"; };
		B62D76AE1E17F3CB00DC94C0 /* ItemDetailHeaderGallery.m */ = {isa = PBXFileReference; fileEncoding = 4; lastKnownFileType = sourcecode.c.objc; path = ItemDetailHeaderGallery.m; sourceTree = "<group>"; };
		B62D76AF1E17F3CB00DC94C0 /* ItemDetailHeaderGallery.xib */ = {isa = PBXFileReference; fileEncoding = 4; lastKnownFileType = file.xib; path = ItemDetailHeaderGallery.xib; sourceTree = "<group>"; };
		B62D76B21E17F4C500DC94C0 /* GalleryHeaderCollectionViewCell.h */ = {isa = PBXFileReference; fileEncoding = 4; lastKnownFileType = sourcecode.c.h; path = GalleryHeaderCollectionViewCell.h; sourceTree = "<group>"; };
		B62D76B31E17F4C500DC94C0 /* GalleryHeaderCollectionViewCell.m */ = {isa = PBXFileReference; fileEncoding = 4; lastKnownFileType = sourcecode.c.objc; path = GalleryHeaderCollectionViewCell.m; sourceTree = "<group>"; };
		B62D76B41E17F4C500DC94C0 /* GalleryHeaderCollectionViewCell.xib */ = {isa = PBXFileReference; fileEncoding = 4; lastKnownFileType = file.xib; path = GalleryHeaderCollectionViewCell.xib; sourceTree = "<group>"; };
		B66DA2C81E163E27001A8D9D /* Vodworks.app */ = {isa = PBXFileReference; explicitFileType = wrapper.application; includeInIndex = 0; path = Vodworks.app; sourceTree = BUILT_PRODUCTS_DIR; };
		B66DA2CC1E163E27001A8D9D /* main.m */ = {isa = PBXFileReference; lastKnownFileType = sourcecode.c.objc; path = main.m; sourceTree = "<group>"; };
		B66DA2CE1E163E27001A8D9D /* AppDelegate.h */ = {isa = PBXFileReference; lastKnownFileType = sourcecode.c.h; path = AppDelegate.h; sourceTree = "<group>"; };
		B66DA2CF1E163E27001A8D9D /* AppDelegate.m */ = {isa = PBXFileReference; lastKnownFileType = sourcecode.c.objc; path = AppDelegate.m; sourceTree = "<group>"; };
		B66DA2D11E163E27001A8D9D /* ViewController.h */ = {isa = PBXFileReference; lastKnownFileType = sourcecode.c.h; path = ViewController.h; sourceTree = "<group>"; };
		B66DA2D21E163E27001A8D9D /* ViewController.m */ = {isa = PBXFileReference; lastKnownFileType = sourcecode.c.objc; path = ViewController.m; sourceTree = "<group>"; };
		B66DA2D51E163E27001A8D9D /* Base */ = {isa = PBXFileReference; lastKnownFileType = file.storyboard; name = Base; path = Base.lproj/Main.storyboard; sourceTree = "<group>"; };
		B66DA2D71E163E27001A8D9D /* Assets.xcassets */ = {isa = PBXFileReference; lastKnownFileType = folder.assetcatalog; path = Assets.xcassets; sourceTree = "<group>"; };
		B66DA2DA1E163E27001A8D9D /* Base */ = {isa = PBXFileReference; lastKnownFileType = file.storyboard; name = Base; path = Base.lproj/LaunchScreen.storyboard; sourceTree = "<group>"; };
		B66DA2DC1E163E27001A8D9D /* Info.plist */ = {isa = PBXFileReference; lastKnownFileType = text.plist.xml; path = Info.plist; sourceTree = "<group>"; };
		B66DA2E81E16582E001A8D9D /* ServiceManager.h */ = {isa = PBXFileReference; fileEncoding = 4; lastKnownFileType = sourcecode.c.h; path = ServiceManager.h; sourceTree = "<group>"; };
		B66DA2E91E16582E001A8D9D /* ServiceManager.m */ = {isa = PBXFileReference; fileEncoding = 4; lastKnownFileType = sourcecode.c.objc; path = ServiceManager.m; sourceTree = "<group>"; };
		B66F3E7F1E17A7D700EF4E01 /* ItemLIstViewController.h */ = {isa = PBXFileReference; fileEncoding = 4; lastKnownFileType = sourcecode.c.h; path = ItemLIstViewController.h; sourceTree = "<group>"; };
		B66F3E801E17A7D700EF4E01 /* ItemLIstViewController.m */ = {isa = PBXFileReference; fileEncoding = 4; lastKnownFileType = sourcecode.c.objc; path = ItemLIstViewController.m; sourceTree = "<group>"; };
		B66F3E821E17A7D700EF4E01 /* ItemListTableViewCell.h */ = {isa = PBXFileReference; fileEncoding = 4; lastKnownFileType = sourcecode.c.h; path = ItemListTableViewCell.h; sourceTree = "<group>"; };
		B66F3E831E17A7D700EF4E01 /* ItemListTableViewCell.m */ = {isa = PBXFileReference; fileEncoding = 4; lastKnownFileType = sourcecode.c.objc; path = ItemListTableViewCell.m; sourceTree = "<group>"; };
		B66F3E841E17A7D700EF4E01 /* ItemListTableViewCell.xib */ = {isa = PBXFileReference; fileEncoding = 4; lastKnownFileType = file.xib; path = ItemListTableViewCell.xib; sourceTree = "<group>"; };
		B66F3E891E17A80B00EF4E01 /* ItemDetailViewController.h */ = {isa = PBXFileReference; fileEncoding = 4; lastKnownFileType = sourcecode.c.h; path = ItemDetailViewController.h; sourceTree = "<group>"; };
		B66F3E8A1E17A80B00EF4E01 /* ItemDetailViewController.m */ = {isa = PBXFileReference; fileEncoding = 4; lastKnownFileType = sourcecode.c.objc; path = ItemDetailViewController.m; sourceTree = "<group>"; };
		B66F3E8D1E17A84900EF4E01 /* ItemDetailHeaderOverview.h */ = {isa = PBXFileReference; fileEncoding = 4; lastKnownFileType = sourcecode.c.h; path = ItemDetailHeaderOverview.h; sourceTree = "<group>"; };
		B66F3E8E1E17A84900EF4E01 /* ItemDetailHeaderOverview.m */ = {isa = PBXFileReference; fileEncoding = 4; lastKnownFileType = sourcecode.c.objc; path = ItemDetailHeaderOverview.m; sourceTree = "<group>"; };
		B66F3E901E17A85B00EF4E01 /* ItemDetailHeaderOverview.xib */ = {isa = PBXFileReference; fileEncoding = 4; lastKnownFileType = file.xib; path = ItemDetailHeaderOverview.xib; sourceTree = "<group>"; };
		B6AB93FC1E16C22100C5053F /* Item.h */ = {isa = PBXFileReference; fileEncoding = 4; lastKnownFileType = sourcecode.c.h; path = Item.h; sourceTree = "<group>"; };
		B6AB93FD1E16C22100C5053F /* Item.m */ = {isa = PBXFileReference; fileEncoding = 4; lastKnownFileType = sourcecode.c.objc; path = Item.m; sourceTree = "<group>"; };
		B6AB93FE1E16C22100C5053F /* Video.h */ = {isa = PBXFileReference; fileEncoding = 4; lastKnownFileType = sourcecode.c.h; path = Video.h; sourceTree = "<group>"; };
		B6AB93FF1E16C22100C5053F /* Video.m */ = {isa = PBXFileReference; fileEncoding = 4; lastKnownFileType = sourcecode.c.objc; path = Video.m; sourceTree = "<group>"; };
		B6AB94001E16C22100C5053F /* ViewingWindow.h */ = {isa = PBXFileReference; fileEncoding = 4; lastKnownFileType = sourcecode.c.h; path = ViewingWindow.h; sourceTree = "<group>"; };
		B6AB94011E16C22100C5053F /* ViewingWindow.m */ = {isa = PBXFileReference; fileEncoding = 4; lastKnownFileType = sourcecode.c.objc; path = ViewingWindow.m; sourceTree = "<group>"; };
		B6AB94101E16CEA800C5053F /* Utils.h */ = {isa = PBXFileReference; fileEncoding = 4; lastKnownFileType = sourcecode.c.h; path = Utils.h; sourceTree = "<group>"; };
		B6AB94111E16CEA800C5053F /* Utils.m */ = {isa = PBXFileReference; fileEncoding = 4; lastKnownFileType = sourcecode.c.objc; path = Utils.m; sourceTree = "<group>"; };
		B6AB94131E16CEEC00C5053F /* Constant.h */ = {isa = PBXFileReference; fileEncoding = 4; lastKnownFileType = sourcecode.c.h; path = Constant.h; sourceTree = "<group>"; };
		B6AB94141E16CEEC00C5053F /* Constant.m */ = {isa = PBXFileReference; fileEncoding = 4; lastKnownFileType = sourcecode.c.objc; path = Constant.m; sourceTree = "<group>"; };
		B6AB94171E16D0EF00C5053F /* ApplicationManager.h */ = {isa = PBXFileReference; fileEncoding = 4; lastKnownFileType = sourcecode.c.h; path = ApplicationManager.h; sourceTree = "<group>"; };
		B6AB94181E16D0EF00C5053F /* ApplicationManager.m */ = {isa = PBXFileReference; fileEncoding = 4; lastKnownFileType = sourcecode.c.objc; path = ApplicationManager.m; sourceTree = "<group>"; };
/* End PBXFileReference section */

/* Begin PBXFrameworksBuildPhase section */
		B66DA2C51E163E27001A8D9D /* Frameworks */ = {
			isa = PBXFrameworksBuildPhase;
			buildActionMask = 2147483647;
			files = (
				20AF7277D26B9BC30C0B370D /* libPods-Vodworks.a in Frameworks */,
			);
			runOnlyForDeploymentPostprocessing = 0;
		};
/* End PBXFrameworksBuildPhase section */

/* Begin PBXGroup section */
		22BD178156642F11A77772A2 /* Pods */ = {
			isa = PBXGroup;
			children = (
				218AA020BE21FC1E7FB7A44D /* Pods-Vodworks.debug.xcconfig */,
				2DB32E6F71E1A3F255D15EAB /* Pods-Vodworks.release.xcconfig */,
			);
			name = Pods;
			sourceTree = "<group>";
		};
		31BF115846AE8E38FE259E34 /* Frameworks */ = {
			isa = PBXGroup;
			children = (
				4AC27DB698CBE5EC4118DF5C /* libPods-Vodworks.a */,
			);
			name = Frameworks;
			sourceTree = "<group>";
		};
		B612A1E71E1980A900E663E6 /* ImageViewerViewController */ = {
			isa = PBXGroup;
			children = (
				B612A1E81E1980BF00E663E6 /* ImageViewerViewController.h */,
				B612A1E91E1980BF00E663E6 /* ImageViewerViewController.m */,
			);
			path = ImageViewerViewController;
			sourceTree = "<group>";
		};
		B62815EB1E19643500BAF2BA /* TableViewCells */ = {
			isa = PBXGroup;
			children = (
				B62815EC1E19646C00BAF2BA /* ItemDetailExpandedTableViewCell.h */,
				B62815ED1E19646C00BAF2BA /* ItemDetailExpandedTableViewCell.m */,
				B62815EE1E19646C00BAF2BA /* ItemDetailExpandedTableViewCell.xib */,
			);
			path = TableViewCells;
			sourceTree = "<group>";
		};
		B62D76A71E17D91900DC94C0 /* CollectionViewCells */ = {
			isa = PBXGroup;
			children = (
				B62D76B21E17F4C500DC94C0 /* GalleryHeaderCollectionViewCell.h */,
				B62D76B31E17F4C500DC94C0 /* GalleryHeaderCollectionViewCell.m */,
				B62D76B41E17F4C500DC94C0 /* GalleryHeaderCollectionViewCell.xib */,
				B62D76A81E17D9E700DC94C0 /* VideoHeaderCollectionViewCell.h */,
				B62D76A91E17D9E700DC94C0 /* VideoHeaderCollectionViewCell.m */,
				B62D76AA1E17D9E700DC94C0 /* VideoHeaderCollectionViewCell.xib */,
			);
			path = CollectionViewCells;
			sourceTree = "<group>";
		};
		B66DA2BF1E163E26001A8D9D = {
			isa = PBXGroup;
			children = (
				B66DA2CA1E163E27001A8D9D /* Vodworks */,
				B66DA2C91E163E27001A8D9D /* Products */,
				22BD178156642F11A77772A2 /* Pods */,
				31BF115846AE8E38FE259E34 /* Frameworks */,
			);
			sourceTree = "<group>";
		};
		B66DA2C91E163E27001A8D9D /* Products */ = {
			isa = PBXGroup;
			children = (
				B66DA2C81E163E27001A8D9D /* Vodworks.app */,
			);
			name = Products;
			sourceTree = "<group>";
		};
		B66DA2CA1E163E27001A8D9D /* Vodworks */ = {
			isa = PBXGroup;
			children = (
				B6AB940F1E16CE9200C5053F /* Utilities */,
				B6AB93FB1E16C22100C5053F /* Models */,
				B66DA2E21E1657AE001A8D9D /* Managers */,
				B6AB94051E16C23800C5053F /* ViewControllers */,
				B66DA2CE1E163E27001A8D9D /* AppDelegate.h */,
				B66DA2CF1E163E27001A8D9D /* AppDelegate.m */,
				B66DA2D11E163E27001A8D9D /* ViewController.h */,
				B66DA2D21E163E27001A8D9D /* ViewController.m */,
				B66DA2D41E163E27001A8D9D /* Main.storyboard */,
				B66DA2D71E163E27001A8D9D /* Assets.xcassets */,
				B66DA2D91E163E27001A8D9D /* LaunchScreen.storyboard */,
				B66DA2DC1E163E27001A8D9D /* Info.plist */,
				B66DA2CB1E163E27001A8D9D /* Supporting Files */,
			);
			path = Vodworks;
			sourceTree = "<group>";
		};
		B66DA2CB1E163E27001A8D9D /* Supporting Files */ = {
			isa = PBXGroup;
			children = (
				B66DA2CC1E163E27001A8D9D /* main.m */,
			);
			name = "Supporting Files";
			sourceTree = "<group>";
		};
		B66DA2E21E1657AE001A8D9D /* Managers */ = {
			isa = PBXGroup;
			children = (
				B6AB94161E16D0DD00C5053F /* ApplicationManager */,
				B66DA2E71E16582E001A8D9D /* ServiceManager */,
			);
			path = Managers;
			sourceTree = "<group>";
		};
		B66DA2E71E16582E001A8D9D /* ServiceManager */ = {
			isa = PBXGroup;
			children = (
				B66DA2E81E16582E001A8D9D /* ServiceManager.h */,
				B66DA2E91E16582E001A8D9D /* ServiceManager.m */,
			);
			path = ServiceManager;
			sourceTree = "<group>";
		};
		B66F3E7E1E17A7D700EF4E01 /* ItemListViewController */ = {
			isa = PBXGroup;
			children = (
				B66F3E811E17A7D700EF4E01 /* TableViewCells */,
				B66F3E7F1E17A7D700EF4E01 /* ItemLIstViewController.h */,
				B66F3E801E17A7D700EF4E01 /* ItemLIstViewController.m */,
			);
			path = ItemListViewController;
			sourceTree = "<group>";
		};
		B66F3E811E17A7D700EF4E01 /* TableViewCells */ = {
			isa = PBXGroup;
			children = (
				B66F3E821E17A7D700EF4E01 /* ItemListTableViewCell.h */,
				B66F3E831E17A7D700EF4E01 /* ItemListTableViewCell.m */,
				B66F3E841E17A7D700EF4E01 /* ItemListTableViewCell.xib */,
			);
			path = TableViewCells;
			sourceTree = "<group>";
		};
		B66F3E881E17A7F100EF4E01 /* ItemDetailViewController */ = {
			isa = PBXGroup;
			children = (
				B62815EB1E19643500BAF2BA /* TableViewCells */,
				B66F3E8C1E17A82600EF4E01 /* TableViewHeaders */,
				B66F3E891E17A80B00EF4E01 /* ItemDetailViewController.h */,
				B66F3E8A1E17A80B00EF4E01 /* ItemDetailViewController.m */,
			);
			path = ItemDetailViewController;
			sourceTree = "<group>";
		};
		B66F3E8C1E17A82600EF4E01 /* TableViewHeaders */ = {
			isa = PBXGroup;
			children = (
				B62D76A71E17D91900DC94C0 /* CollectionViewCells */,
				B62815E61E1961E700BAF2BA /* ItemDetailHeaderCollapsed.h */,
				B62815E71E1961E700BAF2BA /* ItemDetailHeaderCollapsed.m */,
				B62815E81E1961E700BAF2BA /* ItemDetailHeaderCollapsed.xib */,
				B62D76AD1E17F3CB00DC94C0 /* ItemDetailHeaderGallery.h */,
				B62D76AE1E17F3CB00DC94C0 /* ItemDetailHeaderGallery.m */,
				B62D76AF1E17F3CB00DC94C0 /* ItemDetailHeaderGallery.xib */,
				B66F3E8D1E17A84900EF4E01 /* ItemDetailHeaderOverview.h */,
				B66F3E8E1E17A84900EF4E01 /* ItemDetailHeaderOverview.m */,
				B66F3E901E17A85B00EF4E01 /* ItemDetailHeaderOverview.xib */,
				B62D76A21E17D7A200DC94C0 /* ItemDetailHeaderVideos.h */,
				B62D76A31E17D7A200DC94C0 /* ItemDetailHeaderVideos.m */,
				B62D76A51E17D7C300DC94C0 /* ItemDetailHeaderVideos.xib */,
			);
			path = TableViewHeaders;
			sourceTree = "<group>";
		};
		B6AB93FB1E16C22100C5053F /* Models */ = {
			isa = PBXGroup;
			children = (
				B6AB93FC1E16C22100C5053F /* Item.h */,
				B6AB93FD1E16C22100C5053F /* Item.m */,
				B6AB93FE1E16C22100C5053F /* Video.h */,
				B6AB93FF1E16C22100C5053F /* Video.m */,
				B6AB94001E16C22100C5053F /* ViewingWindow.h */,
				B6AB94011E16C22100C5053F /* ViewingWindow.m */,
			);
			path = Models;
			sourceTree = "<group>";
		};
		B6AB94051E16C23800C5053F /* ViewControllers */ = {
			isa = PBXGroup;
			children = (
				B612A1E71E1980A900E663E6 /* ImageViewerViewController */,
				B66F3E881E17A7F100EF4E01 /* ItemDetailViewController */,
				B66F3E7E1E17A7D700EF4E01 /* ItemListViewController */,
			);
			path = ViewControllers;
			sourceTree = "<group>";
		};
		B6AB940F1E16CE9200C5053F /* Utilities */ = {
			isa = PBXGroup;
			children = (
				B6AB94101E16CEA800C5053F /* Utils.h */,
				B6AB94111E16CEA800C5053F /* Utils.m */,
				B6AB94131E16CEEC00C5053F /* Constant.h */,
				B6AB94141E16CEEC00C5053F /* Constant.m */,
			);
			path = Utilities;
			sourceTree = "<group>";
		};
		B6AB94161E16D0DD00C5053F /* ApplicationManager */ = {
			isa = PBXGroup;
			children = (
				B6AB94171E16D0EF00C5053F /* ApplicationManager.h */,
				B6AB94181E16D0EF00C5053F /* ApplicationManager.m */,
			);
			path = ApplicationManager;
			sourceTree = "<group>";
		};
/* End PBXGroup section */

/* Begin PBXNativeTarget section */
		B66DA2C71E163E27001A8D9D /* Vodworks */ = {
			isa = PBXNativeTarget;
			buildConfigurationList = B66DA2DF1E163E27001A8D9D /* Build configuration list for PBXNativeTarget "Vodworks" */;
			buildPhases = (
				4F302DAAE7F5C7710D24D220 /* [CP] Check Pods Manifest.lock */,
				B66DA2C41E163E27001A8D9D /* Sources */,
				B66DA2C51E163E27001A8D9D /* Frameworks */,
				B66DA2C61E163E27001A8D9D /* Resources */,
				C80FA75F2CC570F62A40040F /* [CP] Embed Pods Frameworks */,
				7E0606B06332175FC4265DFC /* [CP] Copy Pods Resources */,
			);
			buildRules = (
			);
			dependencies = (
			);
			name = Vodworks;
			productName = Vodworks;
			productReference = B66DA2C81E163E27001A8D9D /* Vodworks.app */;
			productType = "com.apple.product-type.application";
		};
/* End PBXNativeTarget section */

/* Begin PBXProject section */
		B66DA2C01E163E26001A8D9D /* Project object */ = {
			isa = PBXProject;
			attributes = {
				LastUpgradeCheck = 0800;
				ORGANIZATIONNAME = Ehsan;
				TargetAttributes = {
					B66DA2C71E163E27001A8D9D = {
						CreatedOnToolsVersion = 8.0;
						DevelopmentTeam = 8GZ7C3J237;
						ProvisioningStyle = Automatic;
					};
				};
			};
			buildConfigurationList = B66DA2C31E163E27001A8D9D /* Build configuration list for PBXProject "Vodworks" */;
			compatibilityVersion = "Xcode 3.2";
			developmentRegion = English;
			hasScannedForEncodings = 0;
			knownRegions = (
				en,
				Base,
			);
			mainGroup = B66DA2BF1E163E26001A8D9D;
			productRefGroup = B66DA2C91E163E27001A8D9D /* Products */;
			projectDirPath = "";
			projectRoot = "";
			targets = (
				B66DA2C71E163E27001A8D9D /* Vodworks */,
			);
		};
/* End PBXProject section */

/* Begin PBXResourcesBuildPhase section */
		B66DA2C61E163E27001A8D9D /* Resources */ = {
			isa = PBXResourcesBuildPhase;
			buildActionMask = 2147483647;
			files = (
				B62815EA1E1961E700BAF2BA /* ItemDetailHeaderCollapsed.xib in Resources */,
				B62D76B11E17F3CB00DC94C0 /* ItemDetailHeaderGallery.xib in Resources */,
				B62D76A61E17D7C300DC94C0 /* ItemDetailHeaderVideos.xib in Resources */,
				B66F3E871E17A7D700EF4E01 /* ItemListTableViewCell.xib in Resources */,
				B62815F01E19646C00BAF2BA /* ItemDetailExpandedTableViewCell.xib in Resources */,
				B62D76AC1E17D9E700DC94C0 /* VideoHeaderCollectionViewCell.xib in Resources */,
				B66DA2DB1E163E27001A8D9D /* LaunchScreen.storyboard in Resources */,
				B66F3E911E17A85B00EF4E01 /* ItemDetailHeaderOverview.xib in Resources */,
				B66DA2D81E163E27001A8D9D /* Assets.xcassets in Resources */,
				B66DA2D61E163E27001A8D9D /* Main.storyboard in Resources */,
				B62D76B61E17F4C500DC94C0 /* GalleryHeaderCollectionViewCell.xib in Resources */,
			);
			runOnlyForDeploymentPostprocessing = 0;
		};
/* End PBXResourcesBuildPhase section */

/* Begin PBXShellScriptBuildPhase section */
		4F302DAAE7F5C7710D24D220 /* [CP] Check Pods Manifest.lock */ = {
			isa = PBXShellScriptBuildPhase;
			buildActionMask = 2147483647;
			files = (
			);
			inputPaths = (
			);
			name = "[CP] Check Pods Manifest.lock";
			outputPaths = (
			);
			runOnlyForDeploymentPostprocessing = 0;
			shellPath = /bin/sh;
			shellScript = "diff \"${PODS_ROOT}/../Podfile.lock\" \"${PODS_ROOT}/Manifest.lock\" > /dev/null\nif [ $? != 0 ] ; then\n    # print error to STDERR\n    echo \"error: The sandbox is not in sync with the Podfile.lock. Run 'pod install' or update your CocoaPods installation.\" >&2\n    exit 1\nfi\n";
			showEnvVarsInLog = 0;
		};
		7E0606B06332175FC4265DFC /* [CP] Copy Pods Resources */ = {
			isa = PBXShellScriptBuildPhase;
			buildActionMask = 2147483647;
			files = (
			);
			inputPaths = (
			);
			name = "[CP] Copy Pods Resources";
			outputPaths = (
			);
			runOnlyForDeploymentPostprocessing = 0;
			shellPath = /bin/sh;
			shellScript = "\"${SRCROOT}/Pods/Target Support Files/Pods-Vodworks/Pods-Vodworks-resources.sh\"\n";
			showEnvVarsInLog = 0;
		};
		C80FA75F2CC570F62A40040F /* [CP] Embed Pods Frameworks */ = {
			isa = PBXShellScriptBuildPhase;
			buildActionMask = 2147483647;
			files = (
			);
			inputPaths = (
			);
			name = "[CP] Embed Pods Frameworks";
			outputPaths = (
			);
			runOnlyForDeploymentPostprocessing = 0;
			shellPath = /bin/sh;
			shellScript = "\"${SRCROOT}/Pods/Target Support Files/Pods-Vodworks/Pods-Vodworks-frameworks.sh\"\n";
			showEnvVarsInLog = 0;
		};
/* End PBXShellScriptBuildPhase section */

/* Begin PBXSourcesBuildPhase section */
		B66DA2C41E163E27001A8D9D /* Sources */ = {
			isa = PBXSourcesBuildPhase;
			buildActionMask = 2147483647;
			files = (
				B6AB94021E16C22100C5053F /* Item.m in Sources */,
				B6AB94191E16D0EF00C5053F /* ApplicationManager.m in Sources */,
				B62D76B01E17F3CB00DC94C0 /* ItemDetailHeaderGallery.m in Sources */,
				B66DA2D31E163E27001A8D9D /* ViewController.m in Sources */,
				B6AB94151E16CEEC00C5053F /* Constant.m in Sources */,
				B66F3E861E17A7D700EF4E01 /* ItemListTableViewCell.m in Sources */,
				B62815EF1E19646C00BAF2BA /* ItemDetailExpandedTableViewCell.m in Sources */,
				B6AB94121E16CEA800C5053F /* Utils.m in Sources */,
				B62D76AB1E17D9E700DC94C0 /* VideoHeaderCollectionViewCell.m in Sources */,
				B66DA2D01E163E27001A8D9D /* AppDelegate.m in Sources */,
				B62D76A41E17D7A200DC94C0 /* ItemDetailHeaderVideos.m in Sources */,
				B6AB94031E16C22100C5053F /* Video.m in Sources */,
				B62D76B51E17F4C500DC94C0 /* GalleryHeaderCollectionViewCell.m in Sources */,
				B66DA2CD1E163E27001A8D9D /* main.m in Sources */,
				B6AB94041E16C22100C5053F /* ViewingWindow.m in Sources */,
				B66F3E8B1E17A80B00EF4E01 /* ItemDetailViewController.m in Sources */,
				B66F3E8F1E17A84900EF4E01 /* ItemDetailHeaderOverview.m in Sources */,
				B66DA2EA1E16582E001A8D9D /* ServiceManager.m in Sources */,
				B612A1EA1E1980BF00E663E6 /* ImageViewerViewController.m in Sources */,
				B66F3E851E17A7D700EF4E01 /* ItemLIstViewController.m in Sources */,
				B62815E91E1961E700BAF2BA /* ItemDetailHeaderCollapsed.m in Sources */,
			);
			runOnlyForDeploymentPostprocessing = 0;
		};
/* End PBXSourcesBuildPhase section */

/* Begin PBXVariantGroup section */
		B66DA2D41E163E27001A8D9D /* Main.storyboard */ = {
			isa = PBXVariantGroup;
			children = (
				B66DA2D51E163E27001A8D9D /* Base */,
			);
			name = Main.storyboard;
			sourceTree = "<group>";
		};
		B66DA2D91E163E27001A8D9D /* LaunchScreen.storyboard */ = {
			isa = PBXVariantGroup;
			children = (
				B66DA2DA1E163E27001A8D9D /* Base */,
			);
			name = LaunchScreen.storyboard;
			sourceTree = "<group>";
		};
/* End PBXVariantGroup section */

/* Begin XCBuildConfiguration section */
		B66DA2DD1E163E27001A8D9D /* Debug */ = {
			isa = XCBuildConfiguration;
			buildSettings = {
				ALWAYS_SEARCH_USER_PATHS = NO;
				CLANG_ANALYZER_NONNULL = YES;
				CLANG_CXX_LANGUAGE_STANDARD = "gnu++0x";
				CLANG_CXX_LIBRARY = "libc++";
				CLANG_ENABLE_MODULES = YES;
				CLANG_ENABLE_OBJC_ARC = YES;
				CLANG_WARN_BOOL_CONVERSION = YES;
				CLANG_WARN_CONSTANT_CONVERSION = YES;
				CLANG_WARN_DIRECT_OBJC_ISA_USAGE = YES_ERROR;
				CLANG_WARN_DOCUMENTATION_COMMENTS = YES;
				CLANG_WARN_EMPTY_BODY = YES;
				CLANG_WARN_ENUM_CONVERSION = YES;
				CLANG_WARN_INFINITE_RECURSION = YES;
				CLANG_WARN_INT_CONVERSION = YES;
				CLANG_WARN_OBJC_ROOT_CLASS = YES_ERROR;
				CLANG_WARN_SUSPICIOUS_MOVES = YES;
				CLANG_WARN_UNREACHABLE_CODE = YES;
				CLANG_WARN__DUPLICATE_METHOD_MATCH = YES;
				CODE_SIGN_IDENTITY = "iPhone Developer";
				"CODE_SIGN_IDENTITY[sdk=iphoneos*]" = "iPhone Developer";
				COPY_PHASE_STRIP = NO;
				DEBUG_INFORMATION_FORMAT = dwarf;
				ENABLE_STRICT_OBJC_MSGSEND = YES;
				ENABLE_TESTABILITY = YES;
				GCC_C_LANGUAGE_STANDARD = gnu99;
				GCC_DYNAMIC_NO_PIC = NO;
				GCC_NO_COMMON_BLOCKS = YES;
				GCC_OPTIMIZATION_LEVEL = 0;
				GCC_PREPROCESSOR_DEFINITIONS = (
					"DEBUG=1",
					"$(inherited)",
				);
				GCC_WARN_64_TO_32_BIT_CONVERSION = YES;
				GCC_WARN_ABOUT_RETURN_TYPE = YES_ERROR;
				GCC_WARN_UNDECLARED_SELECTOR = YES;
				GCC_WARN_UNINITIALIZED_AUTOS = YES_AGGRESSIVE;
				GCC_WARN_UNUSED_FUNCTION = YES;
				GCC_WARN_UNUSED_VARIABLE = YES;
				IPHONEOS_DEPLOYMENT_TARGET = 8.0;
				MTL_ENABLE_DEBUG_INFO = YES;
				ONLY_ACTIVE_ARCH = YES;
				SDKROOT = iphoneos;
				TARGETED_DEVICE_FAMILY = "1,2";
			};
			name = Debug;
		};
		B66DA2DE1E163E27001A8D9D /* Release */ = {
			isa = XCBuildConfiguration;
			buildSettings = {
				ALWAYS_SEARCH_USER_PATHS = NO;
				CLANG_ANALYZER_NONNULL = YES;
				CLANG_CXX_LANGUAGE_STANDARD = "gnu++0x";
				CLANG_CXX_LIBRARY = "libc++";
				CLANG_ENABLE_MODULES = YES;
				CLANG_ENABLE_OBJC_ARC = YES;
				CLANG_WARN_BOOL_CONVERSION = YES;
				CLANG_WARN_CONSTANT_CONVERSION = YES;
				CLANG_WARN_DIRECT_OBJC_ISA_USAGE = YES_ERROR;
				CLANG_WARN_DOCUMENTATION_COMMENTS = YES;
				CLANG_WARN_EMPTY_BODY = YES;
				CLANG_WARN_ENUM_CONVERSION = YES;
				CLANG_WARN_INFINITE_RECURSION = YES;
				CLANG_WARN_INT_CONVERSION = YES;
				CLANG_WARN_OBJC_ROOT_CLASS = YES_ERROR;
				CLANG_WARN_SUSPICIOUS_MOVES = YES;
				CLANG_WARN_UNREACHABLE_CODE = YES;
				CLANG_WARN__DUPLICATE_METHOD_MATCH = YES;
				CODE_SIGN_IDENTITY = "iPhone Developer";
				"CODE_SIGN_IDENTITY[sdk=iphoneos*]" = "iPhone Developer";
				COPY_PHASE_STRIP = NO;
				DEBUG_INFORMATION_FORMAT = "dwarf-with-dsym";
				ENABLE_NS_ASSERTIONS = NO;
				ENABLE_STRICT_OBJC_MSGSEND = YES;
				GCC_C_LANGUAGE_STANDARD = gnu99;
				GCC_NO_COMMON_BLOCKS = YES;
				GCC_WARN_64_TO_32_BIT_CONVERSION = YES;
				GCC_WARN_ABOUT_RETURN_TYPE = YES_ERROR;
				GCC_WARN_UNDECLARED_SELECTOR = YES;
				GCC_WARN_UNINITIALIZED_AUTOS = YES_AGGRESSIVE;
				GCC_WARN_UNUSED_FUNCTION = YES;
				GCC_WARN_UNUSED_VARIABLE = YES;
				IPHONEOS_DEPLOYMENT_TARGET = 8.0;
				MTL_ENABLE_DEBUG_INFO = NO;
				SDKROOT = iphoneos;
				TARGETED_DEVICE_FAMILY = "1,2";
				VALIDATE_PRODUCT = YES;
			};
			name = Release;
		};
		B66DA2E01E163E27001A8D9D /* Debug */ = {
			isa = XCBuildConfiguration;
			baseConfigurationReference = 218AA020BE21FC1E7FB7A44D /* Pods-Vodworks.debug.xcconfig */;
			buildSettings = {
				ASSETCATALOG_COMPILER_APPICON_NAME = AppIcon;
				CODE_SIGN_IDENTITY = "iPhone Developer";
				"CODE_SIGN_IDENTITY[sdk=iphoneos*]" = "iPhone Developer";
				DEVELOPMENT_TEAM = 8GZ7C3J237;
				INFOPLIST_FILE = Vodworks/Info.plist;
				LD_RUNPATH_SEARCH_PATHS = "$(inherited) @executable_path/Frameworks";
				PRODUCT_BUNDLE_IDENTIFIER = com.ehsan.Vodworks;
				PRODUCT_NAME = "$(TARGET_NAME)";
			};
			name = Debug;
		};
		B66DA2E11E163E27001A8D9D /* Release */ = {
			isa = XCBuildConfiguration;
			baseConfigurationReference = 2DB32E6F71E1A3F255D15EAB /* Pods-Vodworks.release.xcconfig */;
			buildSettings = {
				ASSETCATALOG_COMPILER_APPICON_NAME = AppIcon;
				CODE_SIGN_IDENTITY = "iPhone Developer";
				"CODE_SIGN_IDENTITY[sdk=iphoneos*]" = "iPhone Developer";
				DEVELOPMENT_TEAM = 8GZ7C3J237;
				INFOPLIST_FILE = Vodworks/Info.plist;
				LD_RUNPATH_SEARCH_PATHS = "$(inherited) @executable_path/Frameworks";
				PRODUCT_BUNDLE_IDENTIFIER = com.ehsan.Vodworks;
				PRODUCT_NAME = "$(TARGET_NAME)";
			};
			name = Release;
		};
/* End XCBuildConfiguration section */

/* Begin XCConfigurationList section */
		B66DA2C31E163E27001A8D9D /* Build configuration list for PBXProject "Vodworks" */ = {
			isa = XCConfigurationList;
			buildConfigurations = (
				B66DA2DD1E163E27001A8D9D /* Debug */,
				B66DA2DE1E163E27001A8D9D /* Release */,
			);
			defaultConfigurationIsVisible = 0;
			defaultConfigurationName = Release;
		};
		B66DA2DF1E163E27001A8D9D /* Build configuration list for PBXNativeTarget "Vodworks" */ = {
			isa = XCConfigurationList;
			buildConfigurations = (
				B66DA2E01E163E27001A8D9D /* Debug */,
				B66DA2E11E163E27001A8D9D /* Release */,
			);
			defaultConfigurationIsVisible = 0;
			defaultConfigurationName = Release;
		};
/* End XCConfigurationList section */
	};
	rootObject = B66DA2C01E163E26001A8D9D /* Project object */;
}
